
Microsoft Visual Studio Solution File, Format Version 12.00
# Visual Studio Version 17
VisualStudioVersion = 17.14.36301.6
MinimumVisualStudioVersion = 10.0.40219.1
Project("{2150E333-8FDC-42A3-9474-1A3956D46DE8}") = "src", "src", "{02EA681E-C7D8-13C7-8484-4AC65E1B71E8}"
EndProject
Project("{2150E333-8FDC-42A3-9474-1A3956D46DE8}") = "Core", "Core", "{5873FCDF-22BF-42F2-B434-A40ECA52C46F}"
EndProject
Project("{2150E333-8FDC-42A3-9474-1A3956D46DE8}") = "Infrastructure", "Infrastructure", "{D08ADDFF-71EA-4283-BB83-11C9A00F2A83}"
EndProject
Project("{2150E333-8FDC-42A3-9474-1A3956D46DE8}") = "Presentation", "Presentation", "{4D456F89-388D-45AD-866D-BF14D6FF6F84}"
EndProject
Project("{FAE04EC0-301F-11D3-BF4B-00C04F79EFBC}") = "OnionWebApi.Application", "src\Core\OnionWebApi.Application\OnionWebApi.Application.csproj", "{B60A1EB7-6BB0-491E-95D0-23F8D0E55AB1}"
EndProject
Project("{FAE04EC0-301F-11D3-BF4B-00C04F79EFBC}") = "OnionWebApi.Domain", "src\Core\OnionWebApi.Domain\OnionWebApi.Domain.csproj", "{863D2AE2-D860-4C57-8EBC-2D522B40D001}"
EndProject
Project("{FAE04EC0-301F-11D3-BF4B-00C04F79EFBC}") = "OnionWebApi.Infrastructure", "src\Infrastructure\OnionWebApi.Infrastructure\OnionWebApi.Infrastructure.csproj", "{7D147BB5-2128-49F8-9DAE-1AFF5E39482B}"
EndProject
Project("{FAE04EC0-301F-11D3-BF4B-00C04F79EFBC}") = "OnionWebApi.Persistence", "src\Infrastructure\OnionWebApi.Persistence\OnionWebApi.Persistence.csproj", "{4718294C-C4C8-42A2-BBB5-81AAA7C102EA}"
EndProject
Project("{FAE04EC0-301F-11D3-BF4B-00C04F79EFBC}") = "OnionWebApi.Api", "src\Presentation\OnionWebApi.Api\OnionWebApi.Api.csproj", "{3DCE1014-B360-4E7D-AA01-BAEB8A46FE9F}"
EndProject
Global
	GlobalSection(SolutionConfigurationPlatforms) = preSolution
		Debug|Any CPU = Debug|Any CPU
		Release|Any CPU = Release|Any CPU
	EndGlobalSection
	GlobalSection(ProjectConfigurationPlatforms) = postSolution
		{B60A1EB7-6BB0-491E-95D0-23F8D0E55AB1}.Debug|Any CPU.ActiveCfg = Debug|Any CPU
		{B60A1EB7-6BB0-491E-95D0-23F8D0E55AB1}.Debug|Any CPU.Build.0 = Debug|Any CPU
		{B60A1EB7-6BB0-491E-95D0-23F8D0E55AB1}.Release|Any CPU.ActiveCfg = Release|Any CPU
		{B60A1EB7-6BB0-491E-95D0-23F8D0E55AB1}.Release|Any CPU.Build.0 = Release|Any CPU
		{863D2AE2-D860-4C57-8EBC-2D522B40D001}.Debug|Any CPU.ActiveCfg = Debug|Any CPU
		{863D2AE2-D860-4C57-8EBC-2D522B40D001}.Debug|Any CPU.Build.0 = Debug|Any CPU
		{863D2AE2-D860-4C57-8EBC-2D522B40D001}.Release|Any CPU.ActiveCfg = Release|Any CPU
		{863D2AE2-D860-4C57-8EBC-2D522B40D001}.Release|Any CPU.Build.0 = Release|Any CPU
		{7D147BB5-2128-49F8-9DAE-1AFF5E39482B}.Debug|Any CPU.ActiveCfg = Debug|Any CPU
		{7D147BB5-2128-49F8-9DAE-1AFF5E39482B}.Debug|Any CPU.Build.0 = Debug|Any CPU
		{7D147BB5-2128-49F8-9DAE-1AFF5E39482B}.Release|Any CPU.ActiveCfg = Release|Any CPU
		{7D147BB5-2128-49F8-9DAE-1AFF5E39482B}.Release|Any CPU.Build.0 = Release|Any CPU
		{4718294C-C4C8-42A2-BBB5-81AAA7C102EA}.Debug|Any CPU.ActiveCfg = Debug|Any CPU
		{4718294C-C4C8-42A2-BBB5-81AAA7C102EA}.Debug|Any CPU.Build.0 = Debug|Any CPU
		{4718294C-C4C8-42A2-BBB5-81AAA7C102EA}.Release|Any CPU.ActiveCfg = Release|Any CPU
		{4718294C-C4C8-42A2-BBB5-81AAA7C102EA}.Release|Any CPU.Build.0 = Release|Any CPU
		{3DCE1014-B360-4E7D-AA01-BAEB8A46FE9F}.Debug|Any CPU.ActiveCfg = Debug|Any CPU
		{3DCE1014-B360-4E7D-AA01-BAEB8A46FE9F}.Debug|Any CPU.Build.0 = Debug|Any CPU
		{3DCE1014-B360-4E7D-AA01-BAEB8A46FE9F}.Release|Any CPU.ActiveCfg = Release|Any CPU
		{3DCE1014-B360-4E7D-AA01-BAEB8A46FE9F}.Release|Any CPU.Build.0 = Release|Any CPU
	EndGlobalSection
	GlobalSection(SolutionProperties) = preSolution
		HideSolutionNode = FALSE
	EndGlobalSection
	GlobalSection(NestedProjects) = preSolution
		{5873FCDF-22BF-42F2-B434-A40ECA52C46F} = {02EA681E-C7D8-13C7-8484-4AC65E1B71E8}
		{D08ADDFF-71EA-4283-BB83-11C9A00F2A83} = {02EA681E-C7D8-13C7-8484-4AC65E1B71E8}
		{4D456F89-388D-45AD-866D-BF14D6FF6F84} = {02EA681E-C7D8-13C7-8484-4AC65E1B71E8}
		{B60A1EB7-6BB0-491E-95D0-23F8D0E55AB1} = {5873FCDF-22BF-42F2-B434-A40ECA52C46F}
		{863D2AE2-D860-4C57-8EBC-2D522B40D001} = {5873FCDF-22BF-42F2-B434-A40ECA52C46F}
		{7D147BB5-2128-49F8-9DAE-1AFF5E39482B} = {D08ADDFF-71EA-4283-BB83-11C9A00F2A83}
		{4718294C-C4C8-42A2-BBB5-81AAA7C102EA} = {D08ADDFF-71EA-4283-BB83-11C9A00F2A83}
		{3DCE1014-B360-4E7D-AA01-BAEB8A46FE9F} = {4D456F89-388D-45AD-866D-BF14D6FF6F84}
	EndGlobalSection
	GlobalSection(ExtensibilityGlobals) = postSolution
		SolutionGuid = {7AA47317-F54D-426A-9F18-B9A138C96DE8}
	EndGlobalSection
EndGlobal
